
Microsoft Visual Studio Solution File, Format Version 12.00
# Visual Studio 15
VisualStudioVersion = 15.0.27703.2042
MinimumVisualStudioVersion = 10.0.40219.1
Project("{FAE04EC0-301F-11D3-BF4B-00C04F79EFBC}") = "SignallingServer", "SignallingServer\SignallingServer.csproj", "{E7364570-F20D-4875-8129-67B293EC46B4}"
EndProject
Project("{FAE04EC0-301F-11D3-BF4B-00C04F79EFBC}") = "Client", "Client\Client.csproj", "{C8E99A9C-9229-47BF-BD7B-7ABA7332C529}"
EndProject
Project("{8BC9CEB8-8B4A-11D0-8D11-00A0C91BC942}") = "UdtProtocol", "UdtProtocol\UdtProtocol.vcxproj", "{CFA7453B-8B9B-4112-AF04-F72C3D431100}"
EndProject
Project("{8BC9CEB8-8B4A-11D0-8D11-00A0C91BC942}") = "udt", "udt4\win\udt.vcxproj", "{D84D100A-7C21-4CCB-B16E-0FB37137C16C}"
EndProject
Global
	GlobalSection(SolutionConfigurationPlatforms) = preSolution
		Debug|Any CPU = Debug|Any CPU
		Debug|x64 = Debug|x64
		Debug|x86 = Debug|x86
		Release - Signed|Any CPU = Release - Signed|Any CPU
		Release - Signed|x64 = Release - Signed|x64
		Release - Signed|x86 = Release - Signed|x86
		Release|Any CPU = Release|Any CPU
		Release|x64 = Release|x64
		Release|x86 = Release|x86
	EndGlobalSection
	GlobalSection(ProjectConfigurationPlatforms) = postSolution
		{E7364570-F20D-4875-8129-67B293EC46B4}.Debug|Any CPU.ActiveCfg = Debug|Any CPU
		{E7364570-F20D-4875-8129-67B293EC46B4}.Debug|Any CPU.Build.0 = Debug|Any CPU
		{E7364570-F20D-4875-8129-67B293EC46B4}.Debug|x64.ActiveCfg = Debug|Any CPU
		{E7364570-F20D-4875-8129-67B293EC46B4}.Debug|x64.Build.0 = Debug|Any CPU
		{E7364570-F20D-4875-8129-67B293EC46B4}.Debug|x86.ActiveCfg = Debug|Any CPU
		{E7364570-F20D-4875-8129-67B293EC46B4}.Debug|x86.Build.0 = Debug|Any CPU
		{E7364570-F20D-4875-8129-67B293EC46B4}.Release - Signed|Any CPU.ActiveCfg = Debug|Any CPU
		{E7364570-F20D-4875-8129-67B293EC46B4}.Release - Signed|Any CPU.Build.0 = Debug|Any CPU
		{E7364570-F20D-4875-8129-67B293EC46B4}.Release - Signed|x64.ActiveCfg = Release|Any CPU
		{E7364570-F20D-4875-8129-67B293EC46B4}.Release - Signed|x64.Build.0 = Release|Any CPU
		{E7364570-F20D-4875-8129-67B293EC46B4}.Release - Signed|x86.ActiveCfg = Release|Any CPU
		{E7364570-F20D-4875-8129-67B293EC46B4}.Release - Signed|x86.Build.0 = Release|Any CPU
		{E7364570-F20D-4875-8129-67B293EC46B4}.Release|Any CPU.ActiveCfg = Debug|Any CPU
		{E7364570-F20D-4875-8129-67B293EC46B4}.Release|Any CPU.Build.0 = Debug|Any CPU
		{E7364570-F20D-4875-8129-67B293EC46B4}.Release|x64.ActiveCfg = Release|Any CPU
		{E7364570-F20D-4875-8129-67B293EC46B4}.Release|x64.Build.0 = Release|Any CPU
		{E7364570-F20D-4875-8129-67B293EC46B4}.Release|x86.ActiveCfg = Release|Any CPU
		{E7364570-F20D-4875-8129-67B293EC46B4}.Release|x86.Build.0 = Release|Any CPU
		{C8E99A9C-9229-47BF-BD7B-7ABA7332C529}.Debug|Any CPU.ActiveCfg = Debug|Any CPU
		{C8E99A9C-9229-47BF-BD7B-7ABA7332C529}.Debug|Any CPU.Build.0 = Debug|Any CPU
		{C8E99A9C-9229-47BF-BD7B-7ABA7332C529}.Debug|x64.ActiveCfg = Debug|Any CPU
		{C8E99A9C-9229-47BF-BD7B-7ABA7332C529}.Debug|x64.Build.0 = Debug|Any CPU
		{C8E99A9C-9229-47BF-BD7B-7ABA7332C529}.Debug|x86.ActiveCfg = Debug|Any CPU
		{C8E99A9C-9229-47BF-BD7B-7ABA7332C529}.Debug|x86.Build.0 = Debug|Any CPU
		{C8E99A9C-9229-47BF-BD7B-7ABA7332C529}.Release - Signed|Any CPU.ActiveCfg = Debug|Any CPU
		{C8E99A9C-9229-47BF-BD7B-7ABA7332C529}.Release - Signed|Any CPU.Build.0 = Debug|Any CPU
		{C8E99A9C-9229-47BF-BD7B-7ABA7332C529}.Release - Signed|x64.ActiveCfg = Release|Any CPU
		{C8E99A9C-9229-47BF-BD7B-7ABA7332C529}.Release - Signed|x64.Build.0 = Release|Any CPU
		{C8E99A9C-9229-47BF-BD7B-7ABA7332C529}.Release - Signed|x86.ActiveCfg = Release|Any CPU
		{C8E99A9C-9229-47BF-BD7B-7ABA7332C529}.Release - Signed|x86.Build.0 = Release|Any CPU
		{C8E99A9C-9229-47BF-BD7B-7ABA7332C529}.Release|Any CPU.ActiveCfg = Debug|Any CPU
		{C8E99A9C-9229-47BF-BD7B-7ABA7332C529}.Release|Any CPU.Build.0 = Debug|Any CPU
		{C8E99A9C-9229-47BF-BD7B-7ABA7332C529}.Release|x64.ActiveCfg = Release|Any CPU
		{C8E99A9C-9229-47BF-BD7B-7ABA7332C529}.Release|x64.Build.0 = Release|Any CPU
		{C8E99A9C-9229-47BF-BD7B-7ABA7332C529}.Release|x86.ActiveCfg = Release|Any CPU
		{C8E99A9C-9229-47BF-BD7B-7ABA7332C529}.Release|x86.Build.0 = Release|Any CPU
		{CFA7453B-8B9B-4112-AF04-F72C3D431100}.Debug|Any CPU.ActiveCfg = Debug|Win32
		{CFA7453B-8B9B-4112-AF04-F72C3D431100}.Debug|Any CPU.Build.0 = Debug|Win32
		{CFA7453B-8B9B-4112-AF04-F72C3D431100}.Debug|x64.ActiveCfg = Debug|x64
		{CFA7453B-8B9B-4112-AF04-F72C3D431100}.Debug|x64.Build.0 = Debug|x64
		{CFA7453B-8B9B-4112-AF04-F72C3D431100}.Debug|x86.ActiveCfg = Debug|Win32
		{CFA7453B-8B9B-4112-AF04-F72C3D431100}.Debug|x86.Build.0 = Debug|Win32
		{CFA7453B-8B9B-4112-AF04-F72C3D431100}.Release - Signed|Any CPU.ActiveCfg = Debug|Win32
		{CFA7453B-8B9B-4112-AF04-F72C3D431100}.Release - Signed|Any CPU.Build.0 = Debug|Win32
		{CFA7453B-8B9B-4112-AF04-F72C3D431100}.Release - Signed|x64.ActiveCfg = Release - Signed|x64
		{CFA7453B-8B9B-4112-AF04-F72C3D431100}.Release - Signed|x64.Build.0 = Release - Signed|x64
		{CFA7453B-8B9B-4112-AF04-F72C3D431100}.Release - Signed|x86.ActiveCfg = Release - Signed|Win32
		{CFA7453B-8B9B-4112-AF04-F72C3D431100}.Release - Signed|x86.Build.0 = Release - Signed|Win32
		{CFA7453B-8B9B-4112-AF04-F72C3D431100}.Release|Any CPU.ActiveCfg = Debug|Win32
		{CFA7453B-8B9B-4112-AF04-F72C3D431100}.Release|Any CPU.Build.0 = Debug|Win32
		{CFA7453B-8B9B-4112-AF04-F72C3D431100}.Release|x64.ActiveCfg = Release|x64
		{CFA7453B-8B9B-4112-AF04-F72C3D431100}.Release|x64.Build.0 = Release|x64
		{CFA7453B-8B9B-4112-AF04-F72C3D431100}.Release|x86.ActiveCfg = Release|Win32
		{CFA7453B-8B9B-4112-AF04-F72C3D431100}.Release|x86.Build.0 = Release|Win32
		{D84D100A-7C21-4CCB-B16E-0FB37137C16C}.Debug|Any CPU.ActiveCfg = Debug|Win32
		{D84D100A-7C21-4CCB-B16E-0FB37137C16C}.Debug|Any CPU.Build.0 = Debug|Win32
		{D84D100A-7C21-4CCB-B16E-0FB37137C16C}.Debug|x64.ActiveCfg = Debug|Win32
		{D84D100A-7C21-4CCB-B16E-0FB37137C16C}.Debug|x86.ActiveCfg = Debug|Win32
		{D84D100A-7C21-4CCB-B16E-0FB37137C16C}.Debug|x86.Build.0 = Debug|Win32
		{D84D100A-7C21-4CCB-B16E-0FB37137C16C}.Release - Signed|Any CPU.ActiveCfg = Debug|Win32
		{D84D100A-7C21-4CCB-B16E-0FB37137C16C}.Release - Signed|Any CPU.Build.0 = Debug|Win32
		{D84D100A-7C21-4CCB-B16E-0FB37137C16C}.Release - Signed|x64.ActiveCfg = Release|Win32
		{D84D100A-7C21-4CCB-B16E-0FB37137C16C}.Release - Signed|x64.Build.0 = Release|Win32
		{D84D100A-7C21-4CCB-B16E-0FB37137C16C}.Release - Signed|x86.ActiveCfg = Release|Win32
		{D84D100A-7C21-4CCB-B16E-0FB37137C16C}.Release - Signed|x86.Build.0 = Release|Win32
		{D84D100A-7C21-4CCB-B16E-0FB37137C16C}.Release|Any CPU.ActiveCfg = Debug|Win32
		{D84D100A-7C21-4CCB-B16E-0FB37137C16C}.Release|Any CPU.Build.0 = Debug|Win32
		{D84D100A-7C21-4CCB-B16E-0FB37137C16C}.Release|x64.ActiveCfg = Release|Win32
		{D84D100A-7C21-4CCB-B16E-0FB37137C16C}.Release|x86.ActiveCfg = Release|Win32
		{D84D100A-7C21-4CCB-B16E-0FB37137C16C}.Release|x86.Build.0 = Release|Win32
	EndGlobalSection
	GlobalSection(SolutionProperties) = preSolution
		HideSolutionNode = FALSE
	EndGlobalSection
	GlobalSection(ExtensibilityGlobals) = postSolution
		SolutionGuid = {C840C71C-E65B-4378-883D-7F0DCB4E5027}
	EndGlobalSection
EndGlobal
